
Microsoft Visual Studio Solution File, Format Version 12.00
# Visual Studio 15
VisualStudioVersion = 15.0.27130.2010
MinimumVisualStudioVersion = 10.0.40219.1
Project("{9A19103F-16F7-4668-BE54-9A1E7A4F7556}") = "WebApp_identity", "WebApp_identity\WebApp_identity.csproj", "{766C6FAE-D70A-4841-A2D8-3552131DE3CD}"
EndProject
Global
	GlobalSection(SolutionConfigurationPlatforms) = preSolution
		Debug|Any CPU = Debug|Any CPU
		Release|Any CPU = Release|Any CPU
	EndGlobalSection
	GlobalSection(ProjectConfigurationPlatforms) = postSolution
		{766C6FAE-D70A-4841-A2D8-3552131DE3CD}.Debug|Any CPU.ActiveCfg = Debug|Any CPU
		{766C6FAE-D70A-4841-A2D8-3552131DE3CD}.Debug|Any CPU.Build.0 = Debug|Any CPU
		{766C6FAE-D70A-4841-A2D8-3552131DE3CD}.Release|Any CPU.ActiveCfg = Release|Any CPU
		{766C6FAE-D70A-4841-A2D8-3552131DE3CD}.Release|Any CPU.Build.0 = Release|Any CPU
	EndGlobalSection
	GlobalSection(SolutionProperties) = preSolution
		HideSolutionNode = FALSE
	EndGlobalSection
	GlobalSection(ExtensibilityGlobals) = postSolution
		SolutionGuid = {3EA0DC14-69FD-4741-8080-32CE2F28046D}
	EndGlobalSection
EndGlobal
